// !$*UTF8*$!
{
	archiveVersion = 1;
	classes = {
	};
	objectVersion = 42;
	objects = {

/* Begin PBXBuildFile section */
		32D94FC80562CBF700B6AF17 /* InfoPlist.strings in Resources */ = {isa = PBXBuildFile; fileRef = 089C167DFE841241C02AAC07 /* InfoPlist.strings */; };
		618A5DF90B8540D500694B28 /* ipw3945.h in Headers */ = {isa = PBXBuildFile; fileRef = 618A5DF80B8540D500694B28 /* ipw3945.h */; };
		61B0347E0B59837C00286B6C /* defines.h in Headers */ = {isa = PBXBuildFile; fileRef = 61B0347B0B59837C00286B6C /* defines.h */; };
		61B0347F0B59837C00286B6C /* iwi3945.cpp in Sources */ = {isa = PBXBuildFile; fileRef = 61B0347C0B59837C00286B6C /* iwi3945.cpp */; };
		61B034800B59837C00286B6C /* iwi3945.h in Headers */ = {isa = PBXBuildFile; fileRef = 61B0347D0B59837C00286B6C /* iwi3945.h */; };
		61F149980BAEC94000A13F2E /* WiFiPower.cpp in Sources */ = {isa = PBXBuildFile; fileRef = 61F149970BAEC94000A13F2E /* WiFiPower.cpp */; };
/* End PBXBuildFile section */

/* Begin PBXFileReference section */
		089C167EFE841241C02AAC07 /* English */ = {isa = PBXFileReference; fileEncoding = 10; lastKnownFileType = text.plist.strings; name = English; path = English.lproj/InfoPlist.strings; sourceTree = "<group>"; };
		32D94FCF0562CBF700B6AF17 /* Info.plist */ = {isa = PBXFileReference; lastKnownFileType = text.xml; path = Info.plist; sourceTree = "<group>"; };
		32D94FD00562CBF700B6AF17 /* iwi3945.kext */ = {isa = PBXFileReference; explicitFileType = wrapper.cfbundle; includeInIndex = 0; path = iwi3945.kext; sourceTree = BUILT_PRODUCTS_DIR; };
		610553FE0C2F013800D9DDF0 /* CHANGES */ = {isa = PBXFileReference; fileEncoding = 30; lastKnownFileType = text; path = CHANGES; sourceTree = "<group>"; };
		610553FF0C2F013800D9DDF0 /* FILES */ = {isa = PBXFileReference; fileEncoding = 30; lastKnownFileType = text; path = FILES; sourceTree = "<group>"; };
		610554000C2F013800D9DDF0 /* Makefile */ = {isa = PBXFileReference; fileEncoding = 30; lastKnownFileType = sourcecode.make; path = Makefile; sourceTree = "<group>"; };
		610554020C2F013800D9DDF0 /* GIT */ = {isa = PBXFileReference; fileEncoding = 30; lastKnownFileType = text; path = GIT; sourceTree = "<group>"; };
		610554050C2F013800D9DDF0 /* ieee80211.h */ = {isa = PBXFileReference; fileEncoding = 30; lastKnownFileType = sourcecode.c.h; path = ieee80211.h; sourceTree = "<group>"; };
		610554060C2F013800D9DDF0 /* nl80211.h */ = {isa = PBXFileReference; fileEncoding = 30; lastKnownFileType = sourcecode.c.h; path = nl80211.h; sourceTree = "<group>"; };
		610554070C2F013800D9DDF0 /* wireless.h */ = {isa = PBXFileReference; fileEncoding = 30; lastKnownFileType = sourcecode.c.h; path = wireless.h; sourceTree = "<group>"; };
		610554090C2F013800D9DDF0 /* cfg80211.h */ = {isa = PBXFileReference; fileEncoding = 30; lastKnownFileType = sourcecode.c.h; path = cfg80211.h; sourceTree = "<group>"; };
		6105540A0C2F013800D9DDF0 /* iw_handler.h */ = {isa = PBXFileReference; fileEncoding = 30; lastKnownFileType = sourcecode.c.h; path = iw_handler.h; sourceTree = "<group>"; };
		6105540B0C2F013800D9DDF0 /* mac80211.h */ = {isa = PBXFileReference; fileEncoding = 30; lastKnownFileType = sourcecode.c.h; path = mac80211.h; sourceTree = "<group>"; };
		6105540C0C2F013800D9DDF0 /* wext.h */ = {isa = PBXFileReference; fileEncoding = 30; lastKnownFileType = sourcecode.c.h; path = wext.h; sourceTree = "<group>"; };
		6105540D0C2F013800D9DDF0 /* wireless.h */ = {isa = PBXFileReference; fileEncoding = 30; lastKnownFileType = sourcecode.c.h; path = wireless.h; sourceTree = "<group>"; };
		610554100C2F013800D9DDF0 /* aes_ccm.c */ = {isa = PBXFileReference; fileEncoding = 30; lastKnownFileType = sourcecode.c.c; path = aes_ccm.c; sourceTree = "<group>"; };
		610554110C2F013800D9DDF0 /* aes_ccm.h */ = {isa = PBXFileReference; fileEncoding = 30; lastKnownFileType = sourcecode.c.h; path = aes_ccm.h; sourceTree = "<group>"; };
		610554120C2F013800D9DDF0 /* debugfs.c */ = {isa = PBXFileReference; fileEncoding = 30; lastKnownFileType = sourcecode.c.c; path = debugfs.c; sourceTree = "<group>"; };
		610554130C2F013800D9DDF0 /* debugfs.h */ = {isa = PBXFileReference; fileEncoding = 30; lastKnownFileType = sourcecode.c.h; path = debugfs.h; sourceTree = "<group>"; };
		610554140C2F013800D9DDF0 /* debugfs_key.c */ = {isa = PBXFileReference; fileEncoding = 30; lastKnownFileType = sourcecode.c.c; path = debugfs_key.c; sourceTree = "<group>"; };
		610554150C2F013800D9DDF0 /* debugfs_key.h */ = {isa = PBXFileReference; fileEncoding = 30; lastKnownFileType = sourcecode.c.h; path = debugfs_key.h; sourceTree = "<group>"; };
		610554160C2F013800D9DDF0 /* debugfs_netdev.c */ = {isa = PBXFileReference; fileEncoding = 30; lastKnownFileType = sourcecode.c.c; path = debugfs_netdev.c; sourceTree = "<group>"; };
		610554170C2F013800D9DDF0 /* debugfs_netdev.h */ = {isa = PBXFileReference; fileEncoding = 30; lastKnownFileType = sourcecode.c.h; path = debugfs_netdev.h; sourceTree = "<group>"; };
		610554180C2F013800D9DDF0 /* debugfs_sta.c */ = {isa = PBXFileReference; fileEncoding = 30; lastKnownFileType = sourcecode.c.c; path = debugfs_sta.c; sourceTree = "<group>"; };
		610554190C2F013800D9DDF0 /* debugfs_sta.h */ = {isa = PBXFileReference; fileEncoding = 30; lastKnownFileType = sourcecode.c.h; path = debugfs_sta.h; sourceTree = "<group>"; };
		6105541A0C2F013800D9DDF0 /* hostapd_ioctl.h */ = {isa = PBXFileReference; fileEncoding = 30; lastKnownFileType = sourcecode.c.h; path = hostapd_ioctl.h; sourceTree = "<group>"; };
		6105541B0C2F013800D9DDF0 /* ieee80211.c */ = {isa = PBXFileReference; fileEncoding = 30; lastKnownFileType = sourcecode.c.c; path = ieee80211.c; sourceTree = "<group>"; };
		6105541C0C2F013800D9DDF0 /* ieee80211_cfg.c */ = {isa = PBXFileReference; fileEncoding = 30; lastKnownFileType = sourcecode.c.c; path = ieee80211_cfg.c; sourceTree = "<group>"; };
		6105541D0C2F013800D9DDF0 /* ieee80211_cfg.h */ = {isa = PBXFileReference; fileEncoding = 30; lastKnownFileType = sourcecode.c.h; path = ieee80211_cfg.h; sourceTree = "<group>"; };
		6105541E0C2F013800D9DDF0 /* ieee80211_common.h */ = {isa = PBXFileReference; fileEncoding = 30; lastKnownFileType = sourcecode.c.h; path = ieee80211_common.h; sourceTree = "<group>"; };
		6105541F0C2F013800D9DDF0 /* ieee80211_i.h */ = {isa = PBXFileReference; fileEncoding = 30; lastKnownFileType = sourcecode.c.h; path = ieee80211_i.h; sourceTree = "<group>"; };
		610554200C2F013800D9DDF0 /* ieee80211_iface.c */ = {isa = PBXFileReference; fileEncoding = 30; lastKnownFileType = sourcecode.c.c; path = ieee80211_iface.c; sourceTree = "<group>"; };
		610554210C2F013800D9DDF0 /* ieee80211_ioctl.c */ = {isa = PBXFileReference; fileEncoding = 30; lastKnownFileType = sourcecode.c.c; path = ieee80211_ioctl.c; sourceTree = "<group>"; };
		610554220C2F013800D9DDF0 /* ieee80211_key.h */ = {isa = PBXFileReference; fileEncoding = 30; lastKnownFileType = sourcecode.c.h; path = ieee80211_key.h; sourceTree = "<group>"; };
		610554230C2F013800D9DDF0 /* ieee80211_led.c */ = {isa = PBXFileReference; fileEncoding = 30; lastKnownFileType = sourcecode.c.c; path = ieee80211_led.c; sourceTree = "<group>"; };
		610554240C2F013800D9DDF0 /* ieee80211_led.h */ = {isa = PBXFileReference; fileEncoding = 30; lastKnownFileType = sourcecode.c.h; path = ieee80211_led.h; sourceTree = "<group>"; };
		610554250C2F013800D9DDF0 /* ieee80211_rate.c */ = {isa = PBXFileReference; fileEncoding = 30; lastKnownFileType = sourcecode.c.c; path = ieee80211_rate.c; sourceTree = "<group>"; };
		610554260C2F013800D9DDF0 /* ieee80211_rate.h */ = {isa = PBXFileReference; fileEncoding = 30; lastKnownFileType = sourcecode.c.h; path = ieee80211_rate.h; sourceTree = "<group>"; };
		610554270C2F013800D9DDF0 /* ieee80211_sta.c */ = {isa = PBXFileReference; fileEncoding = 30; lastKnownFileType = sourcecode.c.c; path = ieee80211_sta.c; sourceTree = "<group>"; };
		610554280C2F013800D9DDF0 /* Kconfig */ = {isa = PBXFileReference; fileEncoding = 30; lastKnownFileType = text; path = Kconfig; sourceTree = "<group>"; };
		610554290C2F013800D9DDF0 /* Makefile */ = {isa = PBXFileReference; fileEncoding = 30; lastKnownFileType = sourcecode.make; path = Makefile; sourceTree = "<group>"; };
		6105542A0C2F013800D9DDF0 /* michael.c */ = {isa = PBXFileReference; fileEncoding = 30; lastKnownFileType = sourcecode.c.c; path = michael.c; sourceTree = "<group>"; };
		6105542B0C2F013800D9DDF0 /* michael.h */ = {isa = PBXFileReference; fileEncoding = 30; lastKnownFileType = sourcecode.c.h; path = michael.h; sourceTree = "<group>"; };
		6105542C0C2F013800D9DDF0 /* rc80211_simple.c */ = {isa = PBXFileReference; fileEncoding = 30; lastKnownFileType = sourcecode.c.c; path = rc80211_simple.c; sourceTree = "<group>"; };
		6105542D0C2F013800D9DDF0 /* sta_info.c */ = {isa = PBXFileReference; fileEncoding = 30; lastKnownFileType = sourcecode.c.c; path = sta_info.c; sourceTree = "<group>"; };
		6105542E0C2F013800D9DDF0 /* sta_info.h */ = {isa = PBXFileReference; fileEncoding = 30; lastKnownFileType = sourcecode.c.h; path = sta_info.h; sourceTree = "<group>"; };
		6105542F0C2F013800D9DDF0 /* tkip.c */ = {isa = PBXFileReference; fileEncoding = 30; lastKnownFileType = sourcecode.c.c; path = tkip.c; sourceTree = "<group>"; };
		610554300C2F013800D9DDF0 /* tkip.h */ = {isa = PBXFileReference; fileEncoding = 30; lastKnownFileType = sourcecode.c.h; path = tkip.h; sourceTree = "<group>"; };
		610554310C2F013800D9DDF0 /* wep.c */ = {isa = PBXFileReference; fileEncoding = 30; lastKnownFileType = sourcecode.c.c; path = wep.c; sourceTree = "<group>"; };
		610554320C2F013800D9DDF0 /* wep.h */ = {isa = PBXFileReference; fileEncoding = 30; lastKnownFileType = sourcecode.c.h; path = wep.h; sourceTree = "<group>"; };
		610554330C2F013800D9DDF0 /* wme.c */ = {isa = PBXFileReference; fileEncoding = 30; lastKnownFileType = sourcecode.c.c; path = wme.c; sourceTree = "<group>"; };
		610554340C2F013800D9DDF0 /* wme.h */ = {isa = PBXFileReference; fileEncoding = 30; lastKnownFileType = sourcecode.c.h; path = wme.h; sourceTree = "<group>"; };
		610554350C2F013800D9DDF0 /* wpa.c */ = {isa = PBXFileReference; fileEncoding = 30; lastKnownFileType = sourcecode.c.c; path = wpa.c; sourceTree = "<group>"; };
		610554360C2F013800D9DDF0 /* wpa.h */ = {isa = PBXFileReference; fileEncoding = 30; lastKnownFileType = sourcecode.c.h; path = wpa.h; sourceTree = "<group>"; };
		610554380C2F013800D9DDF0 /* core.c */ = {isa = PBXFileReference; fileEncoding = 30; lastKnownFileType = sourcecode.c.c; path = core.c; sourceTree = "<group>"; };
		610554390C2F013800D9DDF0 /* core.h */ = {isa = PBXFileReference; fileEncoding = 30; lastKnownFileType = sourcecode.c.h; path = core.h; sourceTree = "<group>"; };
		6105543A0C2F013800D9DDF0 /* Kconfig */ = {isa = PBXFileReference; fileEncoding = 30; lastKnownFileType = text; path = Kconfig; sourceTree = "<group>"; };
		6105543B0C2F013800D9DDF0 /* Makefile */ = {isa = PBXFileReference; fileEncoding = 30; lastKnownFileType = sourcecode.make; path = Makefile; sourceTree = "<group>"; };
		6105543C0C2F013800D9DDF0 /* sysfs.c */ = {isa = PBXFileReference; fileEncoding = 30; lastKnownFileType = sourcecode.c.c; path = sysfs.c; sourceTree = "<group>"; };
		6105543D0C2F013800D9DDF0 /* sysfs.h */ = {isa = PBXFileReference; fileEncoding = 30; lastKnownFileType = sourcecode.c.h; path = sysfs.h; sourceTree = "<group>"; };
		6105543E0C2F013800D9DDF0 /* wext.c */ = {isa = PBXFileReference; fileEncoding = 30; lastKnownFileType = sourcecode.c.c; path = wext.c; sourceTree = "<group>"; };
		6105543F0C2F013800D9DDF0 /* ORIGIN_FILES */ = {isa = PBXFileReference; fileEncoding = 30; lastKnownFileType = text; path = ORIGIN_FILES; sourceTree = "<group>"; };
		610554410C2F013800D9DDF0 /* block-cipher.patch */ = {isa = PBXFileReference; fileEncoding = 30; lastKnownFileType = text; path = "block-cipher.patch"; sourceTree = "<group>"; };
		610554420C2F013800D9DDF0 /* class_dev_to_dev-wireless-ieee80211_ptr.patch */ = {isa = PBXFileReference; fileEncoding = 30; lastKnownFileType = text; path = "class_dev_to_dev-wireless-ieee80211_ptr.patch"; sourceTree = "<group>"; };
		610554430C2F013800D9DDF0 /* class_dev_to_dev-wireless.patch */ = {isa = PBXFileReference; fileEncoding = 30; lastKnownFileType = text; path = "class_dev_to_dev-wireless.patch"; sourceTree = "<group>"; };
		610554440C2F013800D9DDF0 /* delayed_work.patch */ = {isa = PBXFileReference; fileEncoding = 30; lastKnownFileType = text; path = delayed_work.patch; sourceTree = "<group>"; };
		610554450C2F013800D9DDF0 /* delayed_work.sh */ = {isa = PBXFileReference; fileEncoding = 30; lastKnownFileType = text.script.sh; path = delayed_work.sh; sourceTree = "<group>"; };
		610554460C2F013800D9DDF0 /* dev_release.patch */ = {isa = PBXFileReference; fileEncoding = 30; lastKnownFileType = text; path = dev_release.patch; sourceTree = "<group>"; };
		610554470C2F013800D9DDF0 /* device_rename.patch */ = {isa = PBXFileReference; fileEncoding = 30; lastKnownFileType = text; path = device_rename.patch; sourceTree = "<group>"; };
		610554480C2F013800D9DDF0 /* div_round_up.patch */ = {isa = PBXFileReference; fileEncoding = 30; lastKnownFileType = text; path = div_round_up.patch; sourceTree = "<group>"; };
		610554490C2F013800D9DDF0 /* fix-qos-sysfs-no-class_dev.patch */ = {isa = PBXFileReference; fileEncoding = 30; lastKnownFileType = text; path = "fix-qos-sysfs-no-class_dev.patch"; sourceTree = "<group>"; };
		6105544A0C2F013800D9DDF0 /* ieee80211_cfg.patch */ = {isa = PBXFileReference; fileEncoding = 30; lastKnownFileType = text; path = ieee80211_cfg.patch; sourceTree = "<group>"; };
		6105544B0C2F013800D9DDF0 /* ieee80211_ptr.patch */ = {isa = PBXFileReference; fileEncoding = 30; lastKnownFileType = text; path = ieee80211_ptr.patch; sourceTree = "<group>"; };
		6105544C0C2F013800D9DDF0 /* ieee80211_ptr.sh */ = {isa = PBXFileReference; fileEncoding = 30; lastKnownFileType = text.script.sh; path = ieee80211_ptr.sh; sourceTree = "<group>"; };
		6105544D0C2F013800D9DDF0 /* ilog2.sh */ = {isa = PBXFileReference; fileEncoding = 30; lastKnownFileType = text.script.sh; path = ilog2.sh; sourceTree = "<group>"; };
		6105544E0C2F013800D9DDF0 /* kcompat-delayed_work.h */ = {isa = PBXFileReference; fileEncoding = 30; lastKnownFileType = sourcecode.c.h; path = "kcompat-delayed_work.h"; sourceTree = "<group>"; };
		6105544F0C2F013800D9DDF0 /* kcompat-math.h */ = {isa = PBXFileReference; fileEncoding = 30; lastKnownFileType = sourcecode.c.h; path = "kcompat-math.h"; sourceTree = "<group>"; };
		610554500C2F013800D9DDF0 /* kcompat-skb_mac_header.h */ = {isa = PBXFileReference; fileEncoding = 30; lastKnownFileType = sourcecode.c.h; path = "kcompat-skb_mac_header.h"; sourceTree = "<group>"; };
		610554510C2F013800D9DDF0 /* net_sch_fifo.patch */ = {isa = PBXFileReference; fileEncoding = 30; lastKnownFileType = text; path = net_sch_fifo.patch; sourceTree = "<group>"; };
		610554520C2F013800D9DDF0 /* nl80211-remove-kconfig.patch */ = {isa = PBXFileReference; fileEncoding = 30; lastKnownFileType = text; path = "nl80211-remove-kconfig.patch"; sourceTree = "<group>"; };
		610554530C2F013800D9DDF0 /* nl80211-remove.patch */ = {isa = PBXFileReference; fileEncoding = 30; lastKnownFileType = text; path = "nl80211-remove.patch"; sourceTree = "<group>"; };
		610554540C2F013800D9DDF0 /* nl80211_remove.patch */ = {isa = PBXFileReference; fileEncoding = 30; lastKnownFileType = text; path = nl80211_remove.patch; sourceTree = "<group>"; };
		610554550C2F013800D9DDF0 /* nlmsg_trim.patch */ = {isa = PBXFileReference; fileEncoding = 30; lastKnownFileType = text; path = nlmsg_trim.patch; sourceTree = "<group>"; };
		610554560C2F013800D9DDF0 /* qdisc-api.patch */ = {isa = PBXFileReference; fileEncoding = 30; lastKnownFileType = text; path = "qdisc-api.patch"; sourceTree = "<group>"; };
		610554570C2F013800D9DDF0 /* remove_debugfs.patch */ = {isa = PBXFileReference; fileEncoding = 30; lastKnownFileType = text; path = remove_debugfs.patch; sourceTree = "<group>"; };
		610554580C2F013800D9DDF0 /* rtnl_notify.patch */ = {isa = PBXFileReference; fileEncoding = 30; lastKnownFileType = text; path = rtnl_notify.patch; sourceTree = "<group>"; };
		610554590C2F013800D9DDF0 /* seq_open_const.patch */ = {isa = PBXFileReference; fileEncoding = 30; lastKnownFileType = text; path = seq_open_const.patch; sourceTree = "<group>"; };
		6105545A0C2F013800D9DDF0 /* skb_mac_header.patch */ = {isa = PBXFileReference; fileEncoding = 30; lastKnownFileType = text; path = skb_mac_header.patch; sourceTree = "<group>"; };
		6105545B0C2F013800D9DDF0 /* tcf_destroy_chain.patch */ = {isa = PBXFileReference; fileEncoding = 30; lastKnownFileType = text; path = tcf_destroy_chain.patch; sourceTree = "<group>"; };
		6105545C0C2F013800D9DDF0 /* README */ = {isa = PBXFileReference; fileEncoding = 30; lastKnownFileType = text; path = README; sourceTree = "<group>"; };
		6105545E0C2F013800D9DDF0 /* determine_compat */ = {isa = PBXFileReference; fileEncoding = 30; lastKnownFileType = text; path = determine_compat; sourceTree = "<group>"; };
		6105545F0C2F013800D9DDF0 /* generate_compatible */ = {isa = PBXFileReference; fileEncoding = 30; lastKnownFileType = text; path = generate_compatible; sourceTree = "<group>"; };
		610554600C2F013800D9DDF0 /* generate_modified */ = {isa = PBXFileReference; fileEncoding = 30; lastKnownFileType = text; path = generate_modified; sourceTree = "<group>"; };
		610554610C2F013800D9DDF0 /* generate_origin */ = {isa = PBXFileReference; fileEncoding = 30; lastKnownFileType = text; path = generate_origin; sourceTree = "<group>"; };
		610554620C2F013800D9DDF0 /* git-clean-unreachable */ = {isa = PBXFileReference; fileEncoding = 30; lastKnownFileType = text; path = "git-clean-unreachable"; sourceTree = "<group>"; };
		610554630C2F013800D9DDF0 /* make_change_log */ = {isa = PBXFileReference; fileEncoding = 30; lastKnownFileType = text; path = make_change_log; sourceTree = "<group>"; };
		610554640C2F013800D9DDF0 /* patch_kernel */ = {isa = PBXFileReference; fileEncoding = 30; lastKnownFileType = text; path = patch_kernel; sourceTree = "<group>"; };
		610554650C2F013800D9DDF0 /* push-to-bughost */ = {isa = PBXFileReference; fileEncoding = 30; lastKnownFileType = text; path = "push-to-bughost"; sourceTree = "<group>"; };
		610554670C2F013800D9DDF0 /* README */ = {isa = PBXFileReference; fileEncoding = 30; lastKnownFileType = text; path = README; sourceTree = "<group>"; };
		610554680C2F013800D9DDF0 /* TODO */ = {isa = PBXFileReference; fileEncoding = 30; lastKnownFileType = text; path = TODO; sourceTree = "<group>"; };
		618A5DF80B8540D500694B28 /* ipw3945.h */ = {isa = PBXFileReference; fileEncoding = 30; lastKnownFileType = sourcecode.c.h; path = ipw3945.h; sourceTree = "<group>"; };
		61B0347B0B59837C00286B6C /* defines.h */ = {isa = PBXFileReference; fileEncoding = 30; lastKnownFileType = sourcecode.c.h; path = defines.h; sourceTree = "<group>"; };
		61B0347C0B59837C00286B6C /* iwi3945.cpp */ = {isa = PBXFileReference; fileEncoding = 30; lastKnownFileType = sourcecode.cpp.cpp; path = iwi3945.cpp; sourceTree = "<group>"; };
		61B0347D0B59837C00286B6C /* iwi3945.h */ = {isa = PBXFileReference; fileEncoding = 30; lastKnownFileType = sourcecode.c.h; path = iwi3945.h; sourceTree = "<group>"; };
		61B03A4A0B59C2A900286B6C /* ipw3945.c */ = {isa = PBXFileReference; fileEncoding = 30; lastKnownFileType = sourcecode.c.c; path = ipw3945.c; sourceTree = "<group>"; };
		61B03A4B0B59C2A900286B6C /* ipw3945.h */ = {isa = PBXFileReference; fileEncoding = 30; lastKnownFileType = sourcecode.c.h; path = ipw3945.h; sourceTree = "<group>"; };
		61B03A4C0B59C2A900286B6C /* ipw3945_daemon.h */ = {isa = PBXFileReference; fileEncoding = 30; lastKnownFileType = sourcecode.c.h; path = ipw3945_daemon.h; sourceTree = "<group>"; };
		61B06DFE0B589546000DD1AE /* compat.h */ = {isa = PBXFileReference; fileEncoding = 30; lastKnownFileType = sourcecode.c.h; path = compat.h; sourceTree = "<group>"; };
		61B06DFF0B589546000DD1AE /* ieee80211.h */ = {isa = PBXFileReference; fileEncoding = 30; lastKnownFileType = sourcecode.c.h; path = ieee80211.h; sourceTree = "<group>"; };
		61B06E000B589546000DD1AE /* ieee80211_crypt.h */ = {isa = PBXFileReference; fileEncoding = 30; lastKnownFileType = sourcecode.c.h; path = ieee80211_crypt.h; sourceTree = "<group>"; };
		61B06E010B589546000DD1AE /* ieee80211_radiotap.h */ = {isa = PBXFileReference; fileEncoding = 30; lastKnownFileType = sourcecode.c.h; path = ieee80211_radiotap.h; sourceTree = "<group>"; };
		61B0CB590B824EF500F76542 /* ipw3945.ucode.h */ = {isa = PBXFileReference; fileEncoding = 30; lastKnownFileType = sourcecode.c.h; path = ipw3945.ucode.h; sourceTree = "<group>"; };
		61D239180C9CB9E900DAEA6B /* CHANGES */ = {isa = PBXFileReference; fileEncoding = 30; lastKnownFileType = text; path = CHANGES; sourceTree = "<group>"; };
		61D239190C9CB9E900DAEA6B /* dvals */ = {isa = PBXFileReference; fileEncoding = 30; lastKnownFileType = text.script.sh; path = dvals; sourceTree = "<group>"; };
		61D2391A0C9CB9E900DAEA6B /* FILES */ = {isa = PBXFileReference; fileEncoding = 30; lastKnownFileType = text; path = FILES; sourceTree = "<group>"; };
		61D2391B0C9CB9E900DAEA6B /* GIT_SHA1 */ = {isa = PBXFileReference; fileEncoding = 30; lastKnownFileType = text; path = GIT_SHA1; sourceTree = "<group>"; };
		61D2391C0C9CB9E900DAEA6B /* INSTALL */ = {isa = PBXFileReference; fileEncoding = 30; lastKnownFileType = text; path = INSTALL; sourceTree = "<group>"; };
		61D2391D0C9CB9E900DAEA6B /* ISSUES */ = {isa = PBXFileReference; fileEncoding = 30; lastKnownFileType = text; path = ISSUES; sourceTree = "<group>"; };
		61D2391E0C9CB9E900DAEA6B /* LICENSE */ = {isa = PBXFileReference; fileEncoding = 30; lastKnownFileType = text; path = LICENSE; sourceTree = "<group>"; };
		61D2391F0C9CB9E900DAEA6B /* LICENSE.BSD */ = {isa = PBXFileReference; fileEncoding = 30; lastKnownFileType = text; path = LICENSE.BSD; sourceTree = "<group>"; };
		61D239200C9CB9E900DAEA6B /* LICENSE.GPL */ = {isa = PBXFileReference; fileEncoding = 30; lastKnownFileType = text; path = LICENSE.GPL; sourceTree = "<group>"; };
		61D239210C9CB9E900DAEA6B /* load */ = {isa = PBXFileReference; fileEncoding = 30; lastKnownFileType = text.script.sh; path = load; sourceTree = "<group>"; };
		61D239220C9CB9E900DAEA6B /* Makefile */ = {isa = PBXFileReference; fileEncoding = 30; lastKnownFileType = sourcecode.make; path = Makefile; sourceTree = "<group>"; };
		61D239240C9CB9E900DAEA6B /* base.c */ = {isa = PBXFileReference; fileEncoding = 30; lastKnownFileType = sourcecode.c.c; path = base.c; sourceTree = "<group>"; };
		61D239250C9CB9E900DAEA6B /* iwl-3945-hw.h */ = {isa = PBXFileReference; fileEncoding = 30; lastKnownFileType = sourcecode.c.h; path = "iwl-3945-hw.h"; sourceTree = "<group>"; };
		61D239260C9CB9E900DAEA6B /* iwl-3945-rs.c */ = {isa = PBXFileReference; fileEncoding = 30; lastKnownFileType = sourcecode.c.c; path = "iwl-3945-rs.c"; sourceTree = "<group>"; };
		61D239270C9CB9E900DAEA6B /* iwl-3945-rs.h */ = {isa = PBXFileReference; fileEncoding = 30; lastKnownFileType = sourcecode.c.h; path = "iwl-3945-rs.h"; sourceTree = "<group>"; };
		61D239280C9CB9E900DAEA6B /* iwl-3945.c */ = {isa = PBXFileReference; fileEncoding = 30; lastKnownFileType = sourcecode.c.c; path = "iwl-3945.c"; sourceTree = "<group>"; };
		61D239290C9CB9E900DAEA6B /* iwl-3945.h */ = {isa = PBXFileReference; fileEncoding = 30; lastKnownFileType = sourcecode.c.h; path = "iwl-3945.h"; sourceTree = "<group>"; };
		61D2392A0C9CB9E900DAEA6B /* iwl-4965-hw.h */ = {isa = PBXFileReference; fileEncoding = 30; lastKnownFileType = sourcecode.c.h; path = "iwl-4965-hw.h"; sourceTree = "<group>"; };
		61D2392B0C9CB9E900DAEA6B /* iwl-4965-rs.c */ = {isa = PBXFileReference; fileEncoding = 30; lastKnownFileType = sourcecode.c.c; path = "iwl-4965-rs.c"; sourceTree = "<group>"; };
		61D2392C0C9CB9E900DAEA6B /* iwl-4965-rs.h */ = {isa = PBXFileReference; fileEncoding = 30; lastKnownFileType = sourcecode.c.h; path = "iwl-4965-rs.h"; sourceTree = "<group>"; };
		61D2392D0C9CB9E900DAEA6B /* iwl-4965.c */ = {isa = PBXFileReference; fileEncoding = 30; lastKnownFileType = sourcecode.c.c; path = "iwl-4965.c"; sourceTree = "<group>"; };
		61D2392E0C9CB9E900DAEA6B /* iwl-4965.h */ = {isa = PBXFileReference; fileEncoding = 30; lastKnownFileType = sourcecode.c.h; path = "iwl-4965.h"; sourceTree = "<group>"; };
		61D2392F0C9CB9E900DAEA6B /* iwl-channel.h */ = {isa = PBXFileReference; fileEncoding = 30; lastKnownFileType = sourcecode.c.h; path = "iwl-channel.h"; sourceTree = "<group>"; };
		61D239300C9CB9E900DAEA6B /* iwl-commands.h */ = {isa = PBXFileReference; fileEncoding = 30; lastKnownFileType = sourcecode.c.h; path = "iwl-commands.h"; sourceTree = "<group>"; };
		61D239310C9CB9E900DAEA6B /* iwl-debug.h */ = {isa = PBXFileReference; fileEncoding = 30; lastKnownFileType = sourcecode.c.h; path = "iwl-debug.h"; sourceTree = "<group>"; };
		61D239320C9CB9E900DAEA6B /* iwl-eeprom.h */ = {isa = PBXFileReference; fileEncoding = 30; lastKnownFileType = sourcecode.c.h; path = "iwl-eeprom.h"; sourceTree = "<group>"; };
		61D239330C9CB9E900DAEA6B /* iwl-helpers.h */ = {isa = PBXFileReference; fileEncoding = 30; lastKnownFileType = sourcecode.c.h; path = "iwl-helpers.h"; sourceTree = "<group>"; };
		61D239340C9CB9E900DAEA6B /* iwl-hw.h */ = {isa = PBXFileReference; fileEncoding = 30; lastKnownFileType = sourcecode.c.h; path = "iwl-hw.h"; sourceTree = "<group>"; };
		61D239350C9CB9E900DAEA6B /* iwl-io.h */ = {isa = PBXFileReference; fileEncoding = 30; lastKnownFileType = sourcecode.c.h; path = "iwl-io.h"; sourceTree = "<group>"; };
		61D239360C9CB9E900DAEA6B /* iwl-priv.h */ = {isa = PBXFileReference; fileEncoding = 30; lastKnownFileType = sourcecode.c.h; path = "iwl-priv.h"; sourceTree = "<group>"; };
		61D239370C9CB9E900DAEA6B /* iwl-spectrum.h */ = {isa = PBXFileReference; fileEncoding = 30; lastKnownFileType = sourcecode.c.h; path = "iwl-spectrum.h"; sourceTree = "<group>"; };
		61D239380C9CB9E900DAEA6B /* iwlwifi.h */ = {isa = PBXFileReference; fileEncoding = 30; lastKnownFileType = sourcecode.c.h; path = iwlwifi.h; sourceTree = "<group>"; };
		61D239390C9CB9E900DAEA6B /* Kconfig */ = {isa = PBXFileReference; fileEncoding = 30; lastKnownFileType = text; path = Kconfig; sourceTree = "<group>"; };
		61D2393A0C9CB9E900DAEA6B /* Makefile */ = {isa = PBXFileReference; fileEncoding = 30; lastKnownFileType = sourcecode.make; path = Makefile; sourceTree = "<group>"; };
		61D2393C0C9CB9E900DAEA6B /* .keep */ = {isa = PBXFileReference; fileEncoding = 30; lastKnownFileType = text; path = .keep; sourceTree = "<group>"; };
		61D2393D0C9CB9E900DAEA6B /* 01-queue_delayed_work.sh */ = {isa = PBXFileReference; fileEncoding = 30; lastKnownFileType = text.script.sh; path = "01-queue_delayed_work.sh"; sourceTree = "<group>"; };
		61D2393E0C9CB9E900DAEA6B /* 02-cancel_delayed_work.sh */ = {isa = PBXFileReference; fileEncoding = 30; lastKnownFileType = text.script.sh; path = "02-cancel_delayed_work.sh"; sourceTree = "<group>"; };
		61D2393F0C9CB9E900DAEA6B /* 02-kcompat_delayed_work.patch */ = {isa = PBXFileReference; fileEncoding = 30; lastKnownFileType = text; path = "02-kcompat_delayed_work.patch"; sourceTree = "<group>"; };
		61D239400C9CB9E900DAEA6B /* 03-isr.patch */ = {isa = PBXFileReference; fileEncoding = 30; lastKnownFileType = text; path = "03-isr.patch"; sourceTree = "<group>"; };
		61D239410C9CB9E900DAEA6B /* 04-rx_flag_radiotap.patch */ = {isa = PBXFileReference; fileEncoding = 30; lastKnownFileType = text; path = "04-rx_flag_radiotap.patch"; sourceTree = "<group>"; };
		61D239420C9CB9E900DAEA6B /* 05-delayed_work_define.patch */ = {isa = PBXFileReference; fileEncoding = 30; lastKnownFileType = text; path = "05-delayed_work_define.patch"; sourceTree = "<group>"; };
		61D239430C9CB9E900DAEA6B /* d80211-v1.patch */ = {isa = PBXFileReference; fileEncoding = 30; lastKnownFileType = text; path = "d80211-v1.patch"; sourceTree = "<group>"; };
		61D239440C9CB9E900DAEA6B /* wlan_80211.patch */ = {isa = PBXFileReference; fileEncoding = 30; lastKnownFileType = text; path = wlan_80211.patch; sourceTree = "<group>"; };
		61D239450C9CB9E900DAEA6B /* README.iwlwifi */ = {isa = PBXFileReference; fileEncoding = 30; lastKnownFileType = text; path = README.iwlwifi; sourceTree = "<group>"; };
		61D239470C9CB9E900DAEA6B /* check_kernel */ = {isa = PBXFileReference; fileEncoding = 30; lastKnownFileType = text; path = check_kernel; sourceTree = "<group>"; };
		61D239480C9CB9E900DAEA6B /* determine_compat */ = {isa = PBXFileReference; fileEncoding = 30; lastKnownFileType = text; path = determine_compat; sourceTree = "<group>"; };
		61D239490C9CB9E900DAEA6B /* generate_compatible */ = {isa = PBXFileReference; fileEncoding = 30; lastKnownFileType = text; path = generate_compatible; sourceTree = "<group>"; };
		61D2394A0C9CB9E900DAEA6B /* make_snapshot */ = {isa = PBXFileReference; fileEncoding = 30; lastKnownFileType = text; path = make_snapshot; sourceTree = "<group>"; };
		61D2394B0C9CB9E900DAEA6B /* patch_kernel */ = {isa = PBXFileReference; fileEncoding = 30; lastKnownFileType = text; path = patch_kernel; sourceTree = "<group>"; };
		61D2394C0C9CB9E900DAEA6B /* unload */ = {isa = PBXFileReference; fileEncoding = 30; lastKnownFileType = text.script.sh; path = unload; sourceTree = "<group>"; };
		61F149970BAEC94000A13F2E /* WiFiPower.cpp */ = {isa = PBXFileReference; fileEncoding = 30; lastKnownFileType = sourcecode.cpp.cpp; path = WiFiPower.cpp; sourceTree = "<group>"; };
		8DA8362C06AD9B9200E5AC22 /* Kernel.framework */ = {isa = PBXFileReference; lastKnownFileType = wrapper.framework; name = Kernel.framework; path = /System/Library/Frameworks/Kernel.framework; sourceTree = "<absolute>"; };
/* End PBXFileReference section */

/* Begin PBXFrameworksBuildPhase section */
		32D94FCB0562CBF700B6AF17 /* Frameworks */ = {
			isa = PBXFrameworksBuildPhase;
			buildActionMask = 2147483647;
			files = (
			);
			runOnlyForDeploymentPostprocessing = 0;
		};
/* End PBXFrameworksBuildPhase section */

/* Begin PBXGroup section */
		089C166AFE841209C02AAC07 /* iwi3945 */ = {
			isa = PBXGroup;
			children = (
				61D239170C9CB9E900DAEA6B /* iwlwifi-0.0.32 */,
				610553FD0C2F013800D9DDF0 /* mac80211-8.0.1 copy */,
				61B03A420B59C2A900286B6C /* ipw3945-1.2.0 */,
				247142CAFF3F8F9811CA285C /* Source */,
				8DA8362C06AD9B9200E5AC22 /* Kernel.framework */,
				089C167CFE841241C02AAC07 /* Resources */,
				19C28FB6FE9D52B211CA2CBB /* Products */,
			);
			name = iwi3945;
			sourceTree = "<group>";
		};
		089C167CFE841241C02AAC07 /* Resources */ = {
			isa = PBXGroup;
			children = (
				32D94FCF0562CBF700B6AF17 /* Info.plist */,
				089C167DFE841241C02AAC07 /* InfoPlist.strings */,
			);
			name = Resources;
			sourceTree = "<group>";
		};
		19C28FB6FE9D52B211CA2CBB /* Products */ = {
			isa = PBXGroup;
			children = (
				32D94FD00562CBF700B6AF17 /* iwi3945.kext */,
			);
			name = Products;
			sourceTree = "<group>";
		};
		247142CAFF3F8F9811CA285C /* Source */ = {
			isa = PBXGroup;
			children = (
				61F149970BAEC94000A13F2E /* WiFiPower.cpp */,
				61B0347B0B59837C00286B6C /* defines.h */,
				61B0347C0B59837C00286B6C /* iwi3945.cpp */,
				61B0347D0B59837C00286B6C /* iwi3945.h */,
				618A5DF80B8540D500694B28 /* ipw3945.h */,
				61B0346E0B59819700286B6C /* firmware */,
				61B06DFD0B589546000DD1AE /* net */,
			);
			name = Source;
			sourceTree = "<group>";
		};
		610553FD0C2F013800D9DDF0 /* mac80211-8.0.1 copy */ = {
			isa = PBXGroup;
			children = (
				610553FE0C2F013800D9DDF0 /* CHANGES */,
				610553FF0C2F013800D9DDF0 /* FILES */,
				610554000C2F013800D9DDF0 /* Makefile */,
				610554010C2F013800D9DDF0 /* origin */,
				6105543F0C2F013800D9DDF0 /* ORIGIN_FILES */,
				610554400C2F013800D9DDF0 /* patches */,
				6105545C0C2F013800D9DDF0 /* README */,
				6105545D0C2F013800D9DDF0 /* scripts */,
				610554660C2F013800D9DDF0 /* stubs */,
				610554680C2F013800D9DDF0 /* TODO */,
			);
			name = "mac80211-8.0.1 copy";
			path = "../../../3945/mac80211-8.0.1 copy";
			sourceTree = SOURCE_ROOT;
		};
		610554010C2F013800D9DDF0 /* origin */ = {
			isa = PBXGroup;
			children = (
				610554020C2F013800D9DDF0 /* GIT */,
				610554030C2F013800D9DDF0 /* include */,
				6105540E0C2F013800D9DDF0 /* net */,
			);
			path = origin;
			sourceTree = "<group>";
		};
		610554030C2F013800D9DDF0 /* include */ = {
			isa = PBXGroup;
			children = (
				610554040C2F013800D9DDF0 /* linux */,
				610554080C2F013800D9DDF0 /* net */,
			);
			path = include;
			sourceTree = "<group>";
		};
		610554040C2F013800D9DDF0 /* linux */ = {
			isa = PBXGroup;
			children = (
				610554050C2F013800D9DDF0 /* ieee80211.h */,
				610554060C2F013800D9DDF0 /* nl80211.h */,
				610554070C2F013800D9DDF0 /* wireless.h */,
			);
			path = linux;
			sourceTree = "<group>";
		};
		610554080C2F013800D9DDF0 /* net */ = {
			isa = PBXGroup;
			children = (
				610554090C2F013800D9DDF0 /* cfg80211.h */,
				6105540A0C2F013800D9DDF0 /* iw_handler.h */,
				6105540B0C2F013800D9DDF0 /* mac80211.h */,
				6105540C0C2F013800D9DDF0 /* wext.h */,
				6105540D0C2F013800D9DDF0 /* wireless.h */,
			);
			path = net;
			sourceTree = "<group>";
		};
		6105540E0C2F013800D9DDF0 /* net */ = {
			isa = PBXGroup;
			children = (
				6105540F0C2F013800D9DDF0 /* mac80211 */,
				610554370C2F013800D9DDF0 /* wireless */,
			);
			path = net;
			sourceTree = "<group>";
		};
		6105540F0C2F013800D9DDF0 /* mac80211 */ = {
			isa = PBXGroup;
			children = (
				610554100C2F013800D9DDF0 /* aes_ccm.c */,
				610554110C2F013800D9DDF0 /* aes_ccm.h */,
				610554120C2F013800D9DDF0 /* debugfs.c */,
				610554130C2F013800D9DDF0 /* debugfs.h */,
				610554140C2F013800D9DDF0 /* debugfs_key.c */,
				610554150C2F013800D9DDF0 /* debugfs_key.h */,
				610554160C2F013800D9DDF0 /* debugfs_netdev.c */,
				610554170C2F013800D9DDF0 /* debugfs_netdev.h */,
				610554180C2F013800D9DDF0 /* debugfs_sta.c */,
				610554190C2F013800D9DDF0 /* debugfs_sta.h */,
				6105541A0C2F013800D9DDF0 /* hostapd_ioctl.h */,
				6105541B0C2F013800D9DDF0 /* ieee80211.c */,
				6105541C0C2F013800D9DDF0 /* ieee80211_cfg.c */,
				6105541D0C2F013800D9DDF0 /* ieee80211_cfg.h */,
				6105541E0C2F013800D9DDF0 /* ieee80211_common.h */,
				6105541F0C2F013800D9DDF0 /* ieee80211_i.h */,
				610554200C2F013800D9DDF0 /* ieee80211_iface.c */,
				610554210C2F013800D9DDF0 /* ieee80211_ioctl.c */,
				610554220C2F013800D9DDF0 /* ieee80211_key.h */,
				610554230C2F013800D9DDF0 /* ieee80211_led.c */,
				610554240C2F013800D9DDF0 /* ieee80211_led.h */,
				610554250C2F013800D9DDF0 /* ieee80211_rate.c */,
				610554260C2F013800D9DDF0 /* ieee80211_rate.h */,
				610554270C2F013800D9DDF0 /* ieee80211_sta.c */,
				610554280C2F013800D9DDF0 /* Kconfig */,
				610554290C2F013800D9DDF0 /* Makefile */,
				6105542A0C2F013800D9DDF0 /* michael.c */,
				6105542B0C2F013800D9DDF0 /* michael.h */,
				6105542C0C2F013800D9DDF0 /* rc80211_simple.c */,
				6105542D0C2F013800D9DDF0 /* sta_info.c */,
				6105542E0C2F013800D9DDF0 /* sta_info.h */,
				6105542F0C2F013800D9DDF0 /* tkip.c */,
				610554300C2F013800D9DDF0 /* tkip.h */,
				610554310C2F013800D9DDF0 /* wep.c */,
				610554320C2F013800D9DDF0 /* wep.h */,
				610554330C2F013800D9DDF0 /* wme.c */,
				610554340C2F013800D9DDF0 /* wme.h */,
				610554350C2F013800D9DDF0 /* wpa.c */,
				610554360C2F013800D9DDF0 /* wpa.h */,
			);
			path = mac80211;
			sourceTree = "<group>";
		};
		610554370C2F013800D9DDF0 /* wireless */ = {
			isa = PBXGroup;
			children = (
				610554380C2F013800D9DDF0 /* core.c */,
				610554390C2F013800D9DDF0 /* core.h */,
				6105543A0C2F013800D9DDF0 /* Kconfig */,
				6105543B0C2F013800D9DDF0 /* Makefile */,
				6105543C0C2F013800D9DDF0 /* sysfs.c */,
				6105543D0C2F013800D9DDF0 /* sysfs.h */,
				6105543E0C2F013800D9DDF0 /* wext.c */,
			);
			path = wireless;
			sourceTree = "<group>";
		};
		610554400C2F013800D9DDF0 /* patches */ = {
			isa = PBXGroup;
			children = (
				610554410C2F013800D9DDF0 /* block-cipher.patch */,
				610554420C2F013800D9DDF0 /* class_dev_to_dev-wireless-ieee80211_ptr.patch */,
				610554430C2F013800D9DDF0 /* class_dev_to_dev-wireless.patch */,
				610554440C2F013800D9DDF0 /* delayed_work.patch */,
				610554450C2F013800D9DDF0 /* delayed_work.sh */,
				610554460C2F013800D9DDF0 /* dev_release.patch */,
				610554470C2F013800D9DDF0 /* device_rename.patch */,
				610554480C2F013800D9DDF0 /* div_round_up.patch */,
				610554490C2F013800D9DDF0 /* fix-qos-sysfs-no-class_dev.patch */,
				6105544A0C2F013800D9DDF0 /* ieee80211_cfg.patch */,
				6105544B0C2F013800D9DDF0 /* ieee80211_ptr.patch */,
				6105544C0C2F013800D9DDF0 /* ieee80211_ptr.sh */,
				6105544D0C2F013800D9DDF0 /* ilog2.sh */,
				6105544E0C2F013800D9DDF0 /* kcompat-delayed_work.h */,
				6105544F0C2F013800D9DDF0 /* kcompat-math.h */,
				610554500C2F013800D9DDF0 /* kcompat-skb_mac_header.h */,
				610554510C2F013800D9DDF0 /* net_sch_fifo.patch */,
				610554520C2F013800D9DDF0 /* nl80211-remove-kconfig.patch */,
				610554530C2F013800D9DDF0 /* nl80211-remove.patch */,
				610554540C2F013800D9DDF0 /* nl80211_remove.patch */,
				610554550C2F013800D9DDF0 /* nlmsg_trim.patch */,
				610554560C2F013800D9DDF0 /* qdisc-api.patch */,
				610554570C2F013800D9DDF0 /* remove_debugfs.patch */,
				610554580C2F013800D9DDF0 /* rtnl_notify.patch */,
				610554590C2F013800D9DDF0 /* seq_open_const.patch */,
				6105545A0C2F013800D9DDF0 /* skb_mac_header.patch */,
				6105545B0C2F013800D9DDF0 /* tcf_destroy_chain.patch */,
			);
			path = patches;
			sourceTree = "<group>";
		};
		6105545D0C2F013800D9DDF0 /* scripts */ = {
			isa = PBXGroup;
			children = (
				6105545E0C2F013800D9DDF0 /* determine_compat */,
				6105545F0C2F013800D9DDF0 /* generate_compatible */,
				610554600C2F013800D9DDF0 /* generate_modified */,
				610554610C2F013800D9DDF0 /* generate_origin */,
				610554620C2F013800D9DDF0 /* git-clean-unreachable */,
				610554630C2F013800D9DDF0 /* make_change_log */,
				610554640C2F013800D9DDF0 /* patch_kernel */,
				610554650C2F013800D9DDF0 /* push-to-bughost */,
			);
			path = scripts;
			sourceTree = "<group>";
		};
		610554660C2F013800D9DDF0 /* stubs */ = {
			isa = PBXGroup;
			children = (
				610554670C2F013800D9DDF0 /* README */,
			);
			path = stubs;
			sourceTree = "<group>";
		};
		61B0346E0B59819700286B6C /* firmware */ = {
			isa = PBXGroup;
			children = (
				61B0CB590B824EF500F76542 /* ipw3945.ucode.h */,
			);
			path = firmware;
			sourceTree = "<group>";
		};
		61B03A420B59C2A900286B6C /* ipw3945-1.2.0 */ = {
			isa = PBXGroup;
			children = (
				61B03A470B59C2A900286B6C /* in-tree */,
				61B03A4A0B59C2A900286B6C /* ipw3945.c */,
				61B03A4B0B59C2A900286B6C /* ipw3945.h */,
				61B03A4C0B59C2A900286B6C /* ipw3945_daemon.h */,
				61B03A540B59C2A900286B6C /* snapshot */,
			);
			name = "ipw3945-1.2.0";
			path = "../../../3945/ipw3945-1.2.0";
			sourceTree = SOURCE_ROOT;
		};
		61B03A470B59C2A900286B6C /* in-tree */ = {
			isa = PBXGroup;
			children = (
			);
			path = "in-tree";
			sourceTree = "<group>";
		};
		61B03A540B59C2A900286B6C /* snapshot */ = {
			isa = PBXGroup;
			children = (
			);
			path = snapshot;
			sourceTree = "<group>";
		};
		61B06DFD0B589546000DD1AE /* net */ = {
			isa = PBXGroup;
			children = (
				61B06DFE0B589546000DD1AE /* compat.h */,
				61B06DFF0B589546000DD1AE /* ieee80211.h */,
				61B06E000B589546000DD1AE /* ieee80211_crypt.h */,
				61B06E010B589546000DD1AE /* ieee80211_radiotap.h */,
			);
			path = net;
			sourceTree = "<group>";
		};
		61D239170C9CB9E900DAEA6B /* iwlwifi-0.0.32 */ = {
			isa = PBXGroup;
			children = (
				61D239180C9CB9E900DAEA6B /* CHANGES */,
				61D239190C9CB9E900DAEA6B /* dvals */,
				61D2391A0C9CB9E900DAEA6B /* FILES */,
				61D2391B0C9CB9E900DAEA6B /* GIT_SHA1 */,
				61D2391C0C9CB9E900DAEA6B /* INSTALL */,
				61D2391D0C9CB9E900DAEA6B /* ISSUES */,
				61D2391E0C9CB9E900DAEA6B /* LICENSE */,
				61D2391F0C9CB9E900DAEA6B /* LICENSE.BSD */,
				61D239200C9CB9E900DAEA6B /* LICENSE.GPL */,
				61D239210C9CB9E900DAEA6B /* load */,
				61D239220C9CB9E900DAEA6B /* Makefile */,
				61D239230C9CB9E900DAEA6B /* origin */,
				61D2393B0C9CB9E900DAEA6B /* patches */,
				61D239450C9CB9E900DAEA6B /* README.iwlwifi */,
				61D239460C9CB9E900DAEA6B /* scripts */,
				61D2394C0C9CB9E900DAEA6B /* unload */,
			);
			name = "iwlwifi-0.0.32";
			path = "../../../3945/iwlwifi-0.0.32";
			sourceTree = SOURCE_ROOT;
		};
		61D239230C9CB9E900DAEA6B /* origin */ = {
			isa = PBXGroup;
			children = (
				61D239240C9CB9E900DAEA6B /* base.c */,
				61D239250C9CB9E900DAEA6B /* iwl-3945-hw.h */,
				61D239260C9CB9E900DAEA6B /* iwl-3945-rs.c */,
				61D239270C9CB9E900DAEA6B /* iwl-3945-rs.h */,
				61D239280C9CB9E900DAEA6B /* iwl-3945.c */,
				61D239290C9CB9E900DAEA6B /* iwl-3945.h */,
				61D2392A0C9CB9E900DAEA6B /* iwl-4965-hw.h */,
				61D2392B0C9CB9E900DAEA6B /* iwl-4965-rs.c */,
				61D2392C0C9CB9E900DAEA6B /* iwl-4965-rs.h */,
				61D2392D0C9CB9E900DAEA6B /* iwl-4965.c */,
				61D2392E0C9CB9E900DAEA6B /* iwl-4965.h */,
				61D2392F0C9CB9E900DAEA6B /* iwl-channel.h */,
				61D239300C9CB9E900DAEA6B /* iwl-commands.h */,
				61D239310C9CB9E900DAEA6B /* iwl-debug.h */,
				61D239320C9CB9E900DAEA6B /* iwl-eeprom.h */,
				61D239330C9CB9E900DAEA6B /* iwl-helpers.h */,
				61D239340C9CB9E900DAEA6B /* iwl-hw.h */,
				61D239350C9CB9E900DAEA6B /* iwl-io.h */,
				61D239360C9CB9E900DAEA6B /* iwl-priv.h */,
				61D239370C9CB9E900DAEA6B /* iwl-spectrum.h */,
				61D239380C9CB9E900DAEA6B /* iwlwifi.h */,
				61D239390C9CB9E900DAEA6B /* Kconfig */,
				61D2393A0C9CB9E900DAEA6B /* Makefile */,
			);
			path = origin;
			sourceTree = "<group>";
		};
		61D2393B0C9CB9E900DAEA6B /* patches */ = {
			isa = PBXGroup;
			children = (
				61D2393C0C9CB9E900DAEA6B /* .keep */,
				61D2393D0C9CB9E900DAEA6B /* 01-queue_delayed_work.sh */,
				61D2393E0C9CB9E900DAEA6B /* 02-cancel_delayed_work.sh */,
				61D2393F0C9CB9E900DAEA6B /* 02-kcompat_delayed_work.patch */,
				61D239400C9CB9E900DAEA6B /* 03-isr.patch */,
				61D239410C9CB9E900DAEA6B /* 04-rx_flag_radiotap.patch */,
				61D239420C9CB9E900DAEA6B /* 05-delayed_work_define.patch */,
				61D239430C9CB9E900DAEA6B /* d80211-v1.patch */,
				61D239440C9CB9E900DAEA6B /* wlan_80211.patch */,
			);
			path = patches;
			sourceTree = "<group>";
		};
		61D239460C9CB9E900DAEA6B /* scripts */ = {
			isa = PBXGroup;
			children = (
				61D239470C9CB9E900DAEA6B /* check_kernel */,
				61D239480C9CB9E900DAEA6B /* determine_compat */,
				61D239490C9CB9E900DAEA6B /* generate_compatible */,
				61D2394A0C9CB9E900DAEA6B /* make_snapshot */,
				61D2394B0C9CB9E900DAEA6B /* patch_kernel */,
			);
			path = scripts;
			sourceTree = "<group>";
		};
/* End PBXGroup section */

/* Begin PBXHeadersBuildPhase section */
		32D94FC50562CBF700B6AF17 /* Headers */ = {
			isa = PBXHeadersBuildPhase;
			buildActionMask = 2147483647;
			files = (
				61B0347E0B59837C00286B6C /* defines.h in Headers */,
				61B034800B59837C00286B6C /* iwi3945.h in Headers */,
				618A5DF90B8540D500694B28 /* ipw3945.h in Headers */,
			);
			runOnlyForDeploymentPostprocessing = 0;
		};
/* End PBXHeadersBuildPhase section */

/* Begin PBXNativeTarget section */
		32D94FC30562CBF700B6AF17 /* iwi3945 */ = {
			isa = PBXNativeTarget;
			buildConfigurationList = 1DEB91D908733DB10010E9CD /* Build configuration list for PBXNativeTarget "iwi3945" */;
			buildPhases = (
				32D94FC50562CBF700B6AF17 /* Headers */,
				32D94FC70562CBF700B6AF17 /* Resources */,
				32D94FC90562CBF700B6AF17 /* Sources */,
				32D94FCB0562CBF700B6AF17 /* Frameworks */,
				32D94FCC0562CBF700B6AF17 /* Rez */,
				61487B800B8BB197008E5AD9 /* ShellScript */,
			);
			buildRules = (
			);
			dependencies = (
			);
			name = iwi3945;
			productInstallPath = "$(SYSTEM_LIBRARY_DIR)/Extensions";
			productName = iwi3945;
			productReference = 32D94FD00562CBF700B6AF17 /* iwi3945.kext */;
			productType = "com.apple.product-type.kernel-extension.iokit";
		};
/* End PBXNativeTarget section */

/* Begin PBXProject section */
		089C1669FE841209C02AAC07 /* Project object */ = {
			isa = PBXProject;
			buildConfigurationList = 1DEB91DD08733DB10010E9CD /* Build configuration list for PBXProject "iwi3945" */;
			hasScannedForEncodings = 1;
			mainGroup = 089C166AFE841209C02AAC07 /* iwi3945 */;
			projectDirPath = "";
			targets = (
				32D94FC30562CBF700B6AF17 /* iwi3945 */,
			);
		};
/* End PBXProject section */

/* Begin PBXResourcesBuildPhase section */
		32D94FC70562CBF700B6AF17 /* Resources */ = {
			isa = PBXResourcesBuildPhase;
			buildActionMask = 2147483647;
			files = (
				32D94FC80562CBF700B6AF17 /* InfoPlist.strings in Resources */,
			);
			runOnlyForDeploymentPostprocessing = 0;
		};
/* End PBXResourcesBuildPhase section */

/* Begin PBXRezBuildPhase section */
		32D94FCC0562CBF700B6AF17 /* Rez */ = {
			isa = PBXRezBuildPhase;
			buildActionMask = 2147483647;
			files = (
			);
			runOnlyForDeploymentPostprocessing = 0;
		};
/* End PBXRezBuildPhase section */

/* Begin PBXShellScriptBuildPhase section */
		61487B800B8BB197008E5AD9 /* ShellScript */ = {
			isa = PBXShellScriptBuildPhase;
			buildActionMask = 2147483647;
			files = (
			);
			inputPaths = (
			);
			outputPaths = (
			);
			runOnlyForDeploymentPostprocessing = 0;
			shellPath = /bin/sh;
			shellScript = "#cd /private/var/root/svn/trunk/iwi3945\n#cd \"$SRCROOT\"\n\nxcodebuild -project networkSelector/networkSelector.xcodeproj\n#xcodebuild -project nsGUI/nsGUI.xcodeproj\n\nsudo chown -R root:wheel build/Debug/iwi3945.kext\n\n#rm -rf /System/Library/Extensions/iwi3945.kext\n\ncp -rf build/Debug/iwi3945.kext /System/Library/Extensions\n\nrm -rf iwi3945.pkg\n\n# build only if no .dmg exists\nif [ -e iwi3945.dmg ] ; then\n\texit 0\nfi\n\nrm -f iwi3945.dmg\nrm -rf iwi3945/iwi3945.pkg\n\n/Developer/Applications/Utilities/PackageMaker.app/Contents/MacOS/PackageMaker -build -p iwi3945/iwi3945.pkg -proj iwi3945.pmproj\n\ncp -f networkSelector/build/Release/networkSelector iwi3945\n\nhdiutil create -format UDZO -srcfolder iwi3945 iwi3945.dmg\n\nrm -rf iwi3945/iwi3945.pkg\nrm -f iwi3945/networkSelector\n\nsleep 1\n\nrm -rf iwi3945.pkg\n";
		};
/* End PBXShellScriptBuildPhase section */

/* Begin PBXSourcesBuildPhase section */
		32D94FC90562CBF700B6AF17 /* Sources */ = {
			isa = PBXSourcesBuildPhase;
			buildActionMask = 2147483647;
			files = (
				61B0347F0B59837C00286B6C /* iwi3945.cpp in Sources */,
				61F149980BAEC94000A13F2E /* WiFiPower.cpp in Sources */,
			);
			runOnlyForDeploymentPostprocessing = 0;
		};
/* End PBXSourcesBuildPhase section */

/* Begin PBXVariantGroup section */
		089C167DFE841241C02AAC07 /* InfoPlist.strings */ = {
			isa = PBXVariantGroup;
			children = (
				089C167EFE841241C02AAC07 /* English */,
			);
			name = InfoPlist.strings;
			sourceTree = "<group>";
		};
/* End PBXVariantGroup section */

/* Begin XCBuildConfiguration section */
		1DEB91DA08733DB10010E9CD /* Debug */ = {
			isa = XCBuildConfiguration;
			buildSettings = {
				ARCHS = i386;
				COPY_PHASE_STRIP = NO;
				CURRENT_PROJECT_VERSION = 1.0.0d1;
				GCC_DYNAMIC_NO_PIC = NO;
				GCC_ENABLE_FIX_AND_CONTINUE = YES;
				GCC_MODEL_TUNING = "";
				GCC_OPTIMIZATION_LEVEL = 0;
				INFOPLIST_FILE = Info.plist;
				INFOPLIST_PREPROCESS = YES;
				INSTALL_PATH = "$(SYSTEM_LIBRARY_DIR)/Extensions";
				MODULE_NAME = com.yourcompany.driver.iwi3945;
				MODULE_VERSION = 1.0.0d1;
				OTHER_CPLUSPLUSFLAGS = "-w";
				PRODUCT_NAME = iwi3945;
				WRAPPER_EXTENSION = kext;
				ZERO_LINK = YES;
			};
			name = Debug;
		};
		1DEB91DB08733DB10010E9CD /* Release */ = {
			isa = XCBuildConfiguration;
			buildSettings = {
				ARCHS = i386;
				CURRENT_PROJECT_VERSION = 1.0.0d1;
				GCC_GENERATE_DEBUGGING_SYMBOLS = NO;
				GCC_MODEL_TUNING = "";
				GCC_OPTIMIZATION_LEVEL = 0;
				INFOPLIST_FILE = Info.plist;
				INFOPLIST_PREPROCESS = YES;
				INSTALL_PATH = "$(SYSTEM_LIBRARY_DIR)/Extensions";
				MODULE_NAME = com.yourcompany.driver.iwi3945;
				MODULE_VERSION = 1.0.0d1;
				OTHER_CPLUSPLUSFLAGS = "-w";
				PRODUCT_NAME = iwi3945;
				WRAPPER_EXTENSION = kext;
			};
			name = Release;
		};
		1DEB91DE08733DB10010E9CD /* Debug */ = {
			isa = XCBuildConfiguration;
			buildSettings = {
				GCC_WARN_ABOUT_RETURN_TYPE = YES;
				GCC_WARN_UNUSED_VARIABLE = YES;
				PREBINDING = NO;
				SDKROOT = /Developer/SDKs/MacOSX10.4u.sdk;
			};
			name = Debug;
		};
		1DEB91DF08733DB10010E9CD /* Release */ = {
			isa = XCBuildConfiguration;
			buildSettings = {
				GCC_WARN_ABOUT_RETURN_TYPE = YES;
				GCC_WARN_UNUSED_VARIABLE = YES;
				PREBINDING = NO;
				SDKROOT = /Developer/SDKs/MacOSX10.4u.sdk;
			};
			name = Release;
		};
/* End XCBuildConfiguration section */

/* Begin XCConfigurationList section */
		1DEB91D908733DB10010E9CD /* Build configuration list for PBXNativeTarget "iwi3945" */ = {
			isa = XCConfigurationList;
			buildConfigurations = (
				1DEB91DA08733DB10010E9CD /* Debug */,
				1DEB91DB08733DB10010E9CD /* Release */,
			);
			defaultConfigurationIsVisible = 0;
			defaultConfigurationName = Release;
		};
		1DEB91DD08733DB10010E9CD /* Build configuration list for PBXProject "iwi3945" */ = {
			isa = XCConfigurationList;
			buildConfigurations = (
				1DEB91DE08733DB10010E9CD /* Debug */,
				1DEB91DF08733DB10010E9CD /* Release */,
			);
			defaultConfigurationIsVisible = 0;
			defaultConfigurationName = Release;
		};
/* End XCConfigurationList section */
	};
	rootObject = 089C1669FE841209C02AAC07 /* Project object */;
}
